{
  "requires": true,
  "lockfileVersion": 1,
  "dependencies": {
    "@mdi/font": {
      "version": "3.5.95",
      "resolved": "https://registry.npmjs.org/@mdi/font/-/font-3.5.95.tgz",
      "integrity": "sha512-WHSJ0TJ70qkn+EPsW9w22pQU+kjEnRZlfN4N7xsFFmKa6VhpdQcwTWqj9PDH3oq6Be2p0IW/VDURJvPWDnBAUw=="
    }
  }
}
